
Microsoft Visual Studio Solution File, Format Version 12.00
# Visual Studio Version 17
VisualStudioVersion = 17.5.2.0
MinimumVisualStudioVersion = 10.0.40219.1
Project("{FAE04EC0-301F-11D3-BF4B-00C04F79EFBC}") = "CombatFramework", "src\CombatFramework.csproj", "{F6F5C4EF-539B-1666-C5ED-0706D7AF999F}"
EndProject
Project("{FAE04EC0-301F-11D3-BF4B-00C04F79EFBC}") = "CombatFramework.Tests", "tests\CombatFramework.Tests.csproj", "{0855F750-9094-877A-C386-5B03CD319375}"
EndProject
Global
	GlobalSection(SolutionConfigurationPlatforms) = preSolution
		Debug|Any CPU = Debug|Any CPU
		Release|Any CPU = Release|Any CPU
	EndGlobalSection
	GlobalSection(ProjectConfigurationPlatforms) = postSolution
		{F6F5C4EF-539B-1666-C5ED-0706D7AF999F}.Debug|Any CPU.ActiveCfg = Debug|Any CPU
		{F6F5C4EF-539B-1666-C5ED-0706D7AF999F}.Debug|Any CPU.Build.0 = Debug|Any CPU
		{F6F5C4EF-539B-1666-C5ED-0706D7AF999F}.Release|Any CPU.ActiveCfg = Release|Any CPU
		{F6F5C4EF-539B-1666-C5ED-0706D7AF999F}.Release|Any CPU.Build.0 = Release|Any CPU
		{0855F750-9094-877A-C386-5B03CD319375}.Debug|Any CPU.ActiveCfg = Debug|Any CPU
		{0855F750-9094-877A-C386-5B03CD319375}.Debug|Any CPU.Build.0 = Debug|Any CPU
		{0855F750-9094-877A-C386-5B03CD319375}.Release|Any CPU.ActiveCfg = Release|Any CPU
		{0855F750-9094-877A-C386-5B03CD319375}.Release|Any CPU.Build.0 = Release|Any CPU
	EndGlobalSection
	GlobalSection(SolutionProperties) = preSolution
		HideSolutionNode = FALSE
	EndGlobalSection
	GlobalSection(ExtensibilityGlobals) = postSolution
		SolutionGuid = {48BA5C80-6205-4752-A4BD-5D9E2049A48C}
	EndGlobalSection
EndGlobal
